{
  "version": "5",
  "specifiers": {
    "jsr:@b-fuze/deno-dom@0.1.56": "0.1.56",
    "jsr:@supabase/functions-js@*": "2.115.0",
    "jsr:@supabase/server@1.7.0": "1.7.0",
    "npm:@electric-sql/pglite@0.3.14": "0.3.14",
    "npm:@supabase/middleware@0.5": "0.5.0",
    "npm:@supabase/supabase-js@^2.114.0": "2.116.0",
    "npm:fast-xml-parser@*": "5.11.1",
    "npm:fengari@0.1.4": "0.1.4",
    "npm:jose@^6.2.0": "6.2.12",
    "npm:postgres@3.4.7": "3.4.7",
    "npm:supabase@^2.116.0": "2.116.0"
  },
  "jsr": {
    "@b-fuze/deno-dom@0.1.56": {
      "integrity": "8030e2dc1d8750f1682b53462ab893d9c3470f2287feecbe22f44a88c54ab148"
    },
    "@supabase/functions-js@2.115.0": {
      "integrity": "984e0cdd775854e4d7b2777fb1c29d601bae8366ef21406911360ae18fff2a77"
    },
    "@supabase/server@1.7.0": {
      "integrity": "9af9d53c82e885c3fced77bd25f1aceb2aa0710de4d0dd78f165bbdffc88a643",
      "dependencies": [
        "npm:@supabase/middleware",
        "npm:@supabase/supabase-js",
        "npm:jose"
      ]
    }
  },
  "npm": {
    "@ecies/ciphers@0.2.6_@noble+ciphers@1.3.0": {
      "integrity": "sha512-patgsRPKGkhhoBjETV4XxD0En4ui5fbX0hzayqI3M8tvNMGUoUvmyYAIWwlxBc1KX5cturfqByYdj5bYGRpN9g==",
      "dependencies": [
        "@noble/ciphers"
      ]
    },
    "@electric-sql/pglite@0.3.14": {
      "integrity": "sha512-3DB258dhqdsArOI1fIt7cb9RpUOgcDg5hXWVgVHAeqVQ/qxtFy605QKs4gx6mFq3jWsSPqDN8TgSEsqC3OfV9Q=="
    },
    "@noble/ciphers@1.3.0": {
      "integrity": "sha512-2I0gnIVPtfnMw9ee9h1dJG7tp81+8Ob3OJb3Mv37rx5L40/b0i7djjCVvGOVqc9AEIQyvyu1i6ypKdFw8R8gQw=="
    },
    "@noble/curves@1.9.7": {
      "integrity": "sha512-gbKGcRUYIjA3/zCCNaWDciTMFI0dCkvou3TL8Zmy5Nc7sJ47a0jtOeZoTaMxkuqRo9cRhjOdZJXegxYE5FN/xw==",
      "dependencies": [
        "@noble/hashes"
      ]
    },
    "@noble/hashes@1.8.0": {
      "integrity": "sha512-jCs9ldd7NwzpgXDIf6P3+NrHh9/sD6CQdxHyjQI+h/6rDNo88ypBxxz45UDuZHz9r3tNz7N/VInSVoVdtXEI4A=="
    },
    "@nodable/entities@3.0.0": {
      "integrity": "sha512-8L9xFeTYKhm49xfIypoe2W5wV1m/3Z58kT+7kR9A8OyFxcPduI4VmxaUMQyKYrRjUoLLSXv6EKKID5Tvj9cUVw=="
    },
    "@supabase/auth-js@2.116.0": {
      "integrity": "sha512-Cmosty12gyKGK9N3bQb+lMmuAFev5nmUzaR1AsmZHqKOAGzqX1VQzmp49CNPwOx/pw0H9Qqk4rs9yhwTlKpfDg==",
      "dependencies": [
        "tslib"
      ]
    },
    "@supabase/cli-darwin-arm64@2.116.0": {
      "integrity": "sha512-Mvfxf5q7oQ1KR59ndFFyGkh12IfwKH5ZOv7OWtHsFkBuwHtHiJgY6Zwd3w09tnat4spkpDTFavclBlLsOQnh2A==",
      "os": ["darwin"],
      "cpu": ["arm64"]
    },
    "@supabase/cli-darwin-x64@2.116.0": {
      "integrity": "sha512-dxKmIPcVunC8sPTuU+eVWj2SOB5tLoRTE5FX6J/KMZhGH03khTn6ptHvaanZp0YwaACbm//uoffUlJKZrAgt0w==",
      "os": ["darwin"],
      "cpu": ["x64"]
    },
    "@supabase/cli-linux-arm64-musl@2.116.0": {
      "integrity": "sha512-6lYrbKFJT5NKbEKGBJTArEc1F3oMfWxnQeq8+RZ4wSLjCq4uwluh6+fzKCsLVxZgPOg4r+RZRqDdb+/cLi0yyg==",
      "os": ["linux"],
      "cpu": ["arm64"]
    },
    "@supabase/cli-linux-arm64@2.116.0": {
      "integrity": "sha512-ZmV96NQqcgx1MH4jWdfyqqjLghy57mRI5bysy6lM7MezsirQh+eXaOdWI0xCy7r7FA09k2fKLGh+r7r0X3mxBg==",
      "os": ["linux"],
      "cpu": ["arm64"]
    },
    "@supabase/cli-linux-x64-musl@2.116.0": {
      "integrity": "sha512-EtPJPHUvLHvXHkvZHAEr+i6w/bDVm5BOPD+09uXgUffsUbNAzfZ8r7Fb94+SfWI+dQwivw4WmijsX7tlx61Zcg==",
      "os": ["linux"],
      "cpu": ["x64"]
    },
    "@supabase/cli-linux-x64@2.116.0": {
      "integrity": "sha512-o0PvHKyQSKEuC3jJqeV2qorgyMIFGDWQ1Bj+OXf0p80ddgktnJFlDElCU+VDKZkuwLC6vO/LMoBql34zFHzXhw==",
      "os": ["linux"],
      "cpu": ["x64"]
    },
    "@supabase/cli-windows-arm64@2.116.0": {
      "integrity": "sha512-IiglNMXXssDiZbeSRvixYH7eYDDvhiEa2CrOSj419jO5vLrMKvzi1ATxe8E4i7MpKuI9S5U/3tA3rFlIMHtwrg==",
      "os": ["win32"],
      "cpu": ["arm64"]
    },
    "@supabase/cli-windows-x64@2.116.0": {
      "integrity": "sha512-pz4zNDs3KCEx0l9JS9Xaiuzd5WXrISajVlBSxC5/2Jyo2+g+N/ftQJDYTHQ6Jir5fNelIqSHIXZelmGds14upw==",
      "os": ["win32"],
      "cpu": ["x64"]
    },
    "@supabase/functions-js@2.116.0": {
      "integrity": "sha512-E+VOc2QDcni/fySqkBFiZhnoB3SGydEdZgFI6/dEAGAHx6yEhB46TN9qb2wXs+E+RSzOBV0R6dasiSlw4xlZAA==",
      "dependencies": [
        "tslib"
      ]
    },
    "@supabase/middleware@0.5.0": {
      "integrity": "sha512-OjukUo+5p14zxTuylf2zVg1hZCHWKLO6VrZhtVeQQw09yrVo3GAduvFJPiFDhTAz/Du1ZfEzAR+s6aRAWD5wzQ==",
      "dependencies": [
        "std-env"
      ]
    },
    "@supabase/phoenix@0.4.5": {
      "integrity": "sha512-aAn9H9ovVyeApKy11OWOrrOGq8DV68yWeH4ud2lN9fzn4aO8Zb5GLL9m1pUg9nLqIcT+ZDfAcsZe0E/nqdv2lw=="
    },
    "@supabase/postgrest-js@2.116.0": {
      "integrity": "sha512-kGpVZTDHxFTJS3tu+rU0iTAZ+4U0bcLVjxwCk8f3gRhjw3qdCZjTBlgYvc4kGH2XccmAzbkKwXL/mrNHMGSc+A==",
      "dependencies": [
        "tslib"
      ]
    },
    "@supabase/realtime-js@2.116.0": {
      "integrity": "sha512-MHAnlXxi2s6yiJsZsQMfs2B3RFxeVfQWxerqYhIMqcCQV/FuY3LIeouPEkXw/ah7wUWMLYwempF9MOCUScyddg==",
      "dependencies": [
        "@supabase/phoenix",
        "tslib"
      ]
    },
    "@supabase/storage-js@2.116.0": {
      "integrity": "sha512-6/3hR6vccBP6oGM5B6RfbwZcTCKmQOodd/ZWQdsw8yJsU5zO/a//oBL6yLnmgxcjnHSrelW8rsO7hL5DPybyUQ==",
      "dependencies": [
        "iceberg-js",
        "tslib"
      ]
    },
    "@supabase/supabase-js@2.116.0": {
      "integrity": "sha512-YyWmKXt2NspV9iO8FPnlswUFJIRnrLd3oTCb+3ZyYRuKZtBH0xCUDgnUqoyA0fGUxpM/UhfwDjYf/dht/9bp7g==",
      "dependencies": [
        "@supabase/auth-js",
        "@supabase/functions-js",
        "@supabase/postgrest-js",
        "@supabase/realtime-js",
        "@supabase/storage-js"
      ]
    },
    "anynum@1.0.1": {
      "integrity": "sha512-N6//FLET/tXYNM/F6ABca1oH6fWB+KlTt909Le28WMDBk8oaT4vY17DCrwg2MvmuqUKt3Ni4N5dGJ/EoBgcO6A=="
    },
    "eciesjs@0.5.0": {
      "integrity": "sha512-s0J9SEVYAEPg7J63GFMApLYzPH9VNIQIyC6s15JpnqVc0TqcKWdbgFlnAweEBRyMmko2dcs2sfC83Hj4J43tuA==",
      "dependencies": [
        "@ecies/ciphers",
        "@noble/ciphers",
        "@noble/curves",
        "@noble/hashes"
      ]
    },
    "fast-xml-builder@1.3.1": {
      "integrity": "sha512-pIM/1n3ntFXKYrUZwW7QCK0gAW7XY+wzj1YMIV3tLDvPj/V+zTGJK5e3/4WJfwj0qWw2ElNXiTixda/R+3YSug==",
      "dependencies": [
        "path-expression-matcher",
        "xml-naming"
      ]
    },
    "fast-xml-parser@5.11.1": {
      "integrity": "sha512-TBw6K/fxoQGGjCmZDw9w/ZwP3uDcnTM4YH/g+PFRWr8sbe5idXtxNN6vITh4+1ruCZaho6uBFurElsA7F0zzgw==",
      "dependencies": [
        "@nodable/entities",
        "fast-xml-builder",
        "is-unsafe",
        "path-expression-matcher",
        "strnum",
        "xml-naming"
      ],
      "bin": true
    },
    "fengari@0.1.4": {
      "integrity": "sha512-6ujqUuiIYmcgkGz8MGAdERU57EIluGGPSUgGPTsco657EHa+srq0S3/YUl/r9kx1+D+d4rGfYObd+m8K22gB1g==",
      "dependencies": [
        "readline-sync",
        "sprintf-js",
        "tmp"
      ]
    },
    "iceberg-js@0.8.1": {
      "integrity": "sha512-1dhVQZXhcHje7798IVM+xoo/1ZdVfzOMIc8/rgVSijRK38EDqOJoGula9N/8ZI5RD8QTxNQtK/Gozpr+qUqRRA=="
    },
    "is-unsafe@2.0.2": {
      "integrity": "sha512-HgbIHPBH0KHHCcjLfGsCvhtPTVxjaAZlXjwdz7/GQC40SjSe4sfQsar8J5VFo8JOSbarkpV0OLG95bbaNd9aAQ=="
    },
    "jose@6.2.12": {
      "integrity": "sha512-9NiFmJEex0sy2Dk58j2UGBSHgUs2ypF9eZSu4L6vjOX3Dp96Sw1F3uL+H+D1sx02jZZdzUT0HgvCy59CuvXcWw=="
    },
    "os-tmpdir@1.0.2": {
      "integrity": "sha512-D2FR03Vir7FIu45XBY20mTb+/ZSWB00sjU9jdQXt83gDrI4Ztz5Fs7/yy74g2N5SVQY4xY1qDr4rNddwYRVX0g=="
    },
    "path-expression-matcher@1.6.2": {
      "integrity": "sha512-enSlaiat05iasnzmgNxRj8reFdj3puY2QpNgP1aPIaVfT6nn9ICuPoFlKHk8EN22HcwewshO+mN2DGbkCEOtqQ=="
    },
    "postgres@3.4.7": {
      "integrity": "sha512-Jtc2612XINuBjIl/QTWsV5UvE8UHuNblcO3vVADSrKsrc6RqGX6lOW1cEo3CM2v0XG4Nat8nI+YM7/f26VxXLw=="
    },
    "readline-sync@1.4.10": {
      "integrity": "sha512-gNva8/6UAe8QYepIQH/jQ2qn91Qj0B9sYjMBBs3QOB8F2CXcKgLxQaJRP76sWVRQt+QU+8fAkCbCvjjMFu7Ycw=="
    },
    "sprintf-js@1.1.3": {
      "integrity": "sha512-Oo+0REFV59/rz3gfJNKQiBlwfHaSESl1pcGyABQsnnIfWOFt6JNj5gCog2U6MLZ//IGYD+nA8nI+mTShREReaA=="
    },
    "std-env@4.2.0": {
      "integrity": "sha512-oCUKSupKTHX53EyjDtuZQ64pjLJ6yYCtpmEw0goYxtjG9KpbRe8KAsl2tBUGU9DyMcJ0RwJ8GqJAFzMXcXW1Rw=="
    },
    "strnum@2.4.2": {
      "integrity": "sha512-rDG3Ah4TV0k1hWvLSzkZtMmLN9+eS+h3knq4MP6A42Y3Yh5qGNnOUs1jJkoSr8FG5dsL28c7KgkIBzSEykqtuw==",
      "dependencies": [
        "anynum"
      ]
    },
    "supabase@2.116.0": {
      "integrity": "sha512-cMUHkpjBacq4oLGWnMM2HC2drmUlAlfN/PQb31RARoIdYJ8sqA0xONvqBR6yd5v7w8dXuCPwvfd4N1NTHjBKEw==",
      "dependencies": [
        "eciesjs",
        "jose"
      ],
      "optionalDependencies": [
        "@supabase/cli-darwin-arm64",
        "@supabase/cli-darwin-x64",
        "@supabase/cli-linux-arm64",
        "@supabase/cli-linux-arm64-musl",
        "@supabase/cli-linux-x64",
        "@supabase/cli-linux-x64-musl",
        "@supabase/cli-windows-arm64",
        "@supabase/cli-windows-x64"
      ],
      "bin": true
    },
    "tmp@0.0.33": {
      "integrity": "sha512-jRCJlojKnZ3addtTOjdIqoRuPEKBvNXcGYqzO6zWZX8KfKEpnGY5jfggJQ3EjKuu8D4bJRr0y+cYJFmYbImXGw==",
      "dependencies": [
        "os-tmpdir"
      ]
    },
    "tslib@2.8.1": {
      "integrity": "sha512-oJFu94HQb+KVduSUQL7wnpmqnfmLsOA/nAh6b6EH0wCEoK0/mPeXU6c3wKDV83MkOuHPRHtSXKKU99IBazS/2w=="
    },
    "xml-naming@0.3.0": {
      "integrity": "sha512-ghig2TBE/H11aOVgmahA3MhimvkBr6JIYknH/Dhdk10nXwdbIqBJsbfMxpvFPG8bAw77gN29aQWvKpmVoPlvPQ=="
    }
  },
  "workspace": {
    "packageJson": {
      "dependencies": [
        "npm:supabase@^2.116.0"
      ]
    }
  }
}
